
Microsoft Visual Studio Solution File, Format Version 12.00
# Visual Studio Version 17
VisualStudioVersion = 17.2.32630.192
MinimumVisualStudioVersion = 10.0.40219.1
Project("{9A19103F-16F7-4668-BE54-9A1E7A4F7556}") = "OzonTechContest", ""OzonTechContest\OzonTechContest.csproj", "{0089E059-6402-4C48-9E03-785EAC4CA954}"
EndProject
Project("{FAE04EC0-301F-11D3-BF4B-00C04F79EFBC}") = "OzonTechContest.Tests", "OzonTechContest.Tests\OzonTechContest.Tests.csproj", "{08857D52-AE5D-43D6-844A-1DEAB42E725B}"
EndProject
Global
	GlobalSection(SolutionConfigurationPlatforms) = preSolution
		Debug|Any CPU = Debug|Any CPU
		Release|Any CPU = Release|Any CPU
	EndGlobalSection
	GlobalSection(ProjectConfigurationPlatforms) = postSolution
		{0089E059-6402-4C48-9E03-785EAC4CA954}.Debug|Any CPU.ActiveCfg = Debug|Any CPU
		{0089E059-6402-4C48-9E03-785EAC4CA954}.Debug|Any CPU.Build.0 = Debug|Any CPU
		{0089E059-6402-4C48-9E03-785EAC4CA954}.Release|Any CPU.ActiveCfg = Release|Any CPU
		{0089E059-6402-4C48-9E03-785EAC4CA954}.Release|Any CPU.Build.0 = Release|Any CPU
		{08857D52-AE5D-43D6-844A-1DEAB42E725B}.Debug|Any CPU.ActiveCfg = Debug|Any CPU
		{08857D52-AE5D-43D6-844A-1DEAB42E725B}.Debug|Any CPU.Build.0 = Debug|Any CPU
		{08857D52-AE5D-43D6-844A-1DEAB42E725B}.Release|Any CPU.ActiveCfg = Release|Any CPU
		{08857D52-AE5D-43D6-844A-1DEAB42E725B}.Release|Any CPU.Build.0 = Release|Any CPU
	EndGlobalSection
	GlobalSection(SolutionProperties) = preSolution
		HideSolutionNode = FALSE
	EndGlobalSection
	GlobalSection(ExtensibilityGlobals) = postSolution
		SolutionGuid = {4DDC22E8-F438-460A-9910-7906CC873A90}
	EndGlobalSection
EndGlobal
